# This file is generated by running "yarn install" inside your project.
# Manual changes might be lost - proceed with caution!

__metadata:
  version: 8
  cacheKey: 10c0

"@alexlafroscia/tapestry-connector-type-defs@workspace:.":
  version: 0.0.0-use.local
  resolution: "@alexlafroscia/tapestry-connector-type-defs@workspace:."
  dependencies:
    typescript: "npm:^5.5.4"
  languageName: unknown
  linkType: soft

"typescript@npm:^5.5.4":
  version: 5.5.4
  resolution: "typescript@npm:5.5.4"
  bin:
    tsc: bin/tsc
    tsserver: bin/tsserver
  checksum: 422be60f89e661eab29ac488c974b6cc0a660fb2228003b297c3d10c32c90f3bcffc1009b43876a082515a3c376b1eefcce823d6e78982e6878408b9a923199c
  languageName: node
  linkType: hard

"typescript@patch:typescript@npm%3A^5.5.4#optional!builtin<compat/typescript>":
  version: 5.5.4
  resolution: "typescript@patch:typescript@npm%3A5.5.4#optional!builtin<compat/typescript>::version=5.5.4&hash=e012d7"
  bin:
    tsc: bin/tsc
    tsserver: bin/tsserver
  checksum: 10dd9881baba22763de859e8050d6cb6e2db854197495c6f1929b08d1eb2b2b00d0b5d9b0bcee8472f1c3f4a7ef6a5d7ebe0cfd703f853aa5ae465b8404bc1ba
  languageName: node
  linkType: hard
